
Microsoft Visual Studio Solution File, Format Version 12.00
# Visual Studio Version 17
VisualStudioVersion = 17.13.35806.99
MinimumVisualStudioVersion = 10.0.40219.1
Project("{FAE04EC0-301F-11D3-BF4B-00C04F79EFBC}") = "MicroAlmacen", "MicroAlmacen\MicroAlmacen.csproj", "{9C58584C-392D-45AA-A8DE-DFEA0690F702}"
EndProject
Global
	GlobalSection(SolutionConfigurationPlatforms) = preSolution
		Debug|Any CPU = Debug|Any CPU
		Release|Any CPU = Release|Any CPU
	EndGlobalSection
	GlobalSection(ProjectConfigurationPlatforms) = postSolution
		{9C58584C-392D-45AA-A8DE-DFEA0690F702}.Debug|Any CPU.ActiveCfg = Debug|Any CPU
		{9C58584C-392D-45AA-A8DE-DFEA0690F702}.Debug|Any CPU.Build.0 = Debug|Any CPU
		{9C58584C-392D-45AA-A8DE-DFEA0690F702}.Release|Any CPU.ActiveCfg = Release|Any CPU
		{9C58584C-392D-45AA-A8DE-DFEA0690F702}.Release|Any CPU.Build.0 = Release|Any CPU
	EndGlobalSection
	GlobalSection(SolutionProperties) = preSolution
		HideSolutionNode = FALSE
	EndGlobalSection
	GlobalSection(ExtensibilityGlobals) = postSolution
		SolutionGuid = {DDDBAFEE-A941-4B6F-BFE3-2FA5B1C46784}
	EndGlobalSection
EndGlobal
